
Microsoft Visual Studio Solution File, Format Version 12.00
# Visual Studio Version 17
VisualStudioVersion = 17.14.36811.4 d17.14
MinimumVisualStudioVersion = 10.0.40219.1
Project("{FAE04EC0-301F-11D3-BF4B-00C04F79EFBC}") = "AlifSani", "welfareProjectAlfSani\AlifSani.csproj", "{FEEF0289-6076-417C-ADB7-2371407580EC}"
EndProject
Global
	GlobalSection(SolutionConfigurationPlatforms) = preSolution
		Debug|Any CPU = Debug|Any CPU
		Release|Any CPU = Release|Any CPU
	EndGlobalSection
	GlobalSection(ProjectConfigurationPlatforms) = postSolution
		{FEEF0289-6076-417C-ADB7-2371407580EC}.Debug|Any CPU.ActiveCfg = Debug|Any CPU
		{FEEF0289-6076-417C-ADB7-2371407580EC}.Debug|Any CPU.Build.0 = Debug|Any CPU
		{FEEF0289-6076-417C-ADB7-2371407580EC}.Release|Any CPU.ActiveCfg = Release|Any CPU
		{FEEF0289-6076-417C-ADB7-2371407580EC}.Release|Any CPU.Build.0 = Release|Any CPU
	EndGlobalSection
	GlobalSection(SolutionProperties) = preSolution
		HideSolutionNode = FALSE
	EndGlobalSection
	GlobalSection(ExtensibilityGlobals) = postSolution
		SolutionGuid = {D12DDAC9-B7F4-4E8B-BF03-96E2439570EE}
	EndGlobalSection
EndGlobal
